
Microsoft Visual Studio Solution File, Format Version 12.00
# Visual Studio Version 16
VisualStudioVersion = 16.0.30128.74
MinimumVisualStudioVersion = 10.0.40219.1
Project("{FAE04EC0-301F-11D3-BF4B-00C04F79EFBC}") = "Blogger", "Blogger\Blogger.csproj", "{F30503BC-989C-4159-9ABA-2075D16DFFE2}"
EndProject
Global
	GlobalSection(SolutionConfigurationPlatforms) = preSolution
		Debug|Any CPU = Debug|Any CPU
		Release|Any CPU = Release|Any CPU
	EndGlobalSection
	GlobalSection(ProjectConfigurationPlatforms) = postSolution
		{F30503BC-989C-4159-9ABA-2075D16DFFE2}.Debug|Any CPU.ActiveCfg = Debug|Any CPU
		{F30503BC-989C-4159-9ABA-2075D16DFFE2}.Debug|Any CPU.Build.0 = Debug|Any CPU
		{F30503BC-989C-4159-9ABA-2075D16DFFE2}.Release|Any CPU.ActiveCfg = Release|Any CPU
		{F30503BC-989C-4159-9ABA-2075D16DFFE2}.Release|Any CPU.Build.0 = Release|Any CPU
	EndGlobalSection
	GlobalSection(SolutionProperties) = preSolution
		HideSolutionNode = FALSE
	EndGlobalSection
	GlobalSection(ExtensibilityGlobals) = postSolution
		SolutionGuid = {1A92222F-8C98-4096-9040-A36958995008}
	EndGlobalSection
EndGlobal
